
Microsoft Visual Studio Solution File, Format Version 12.00
# Visual Studio Version 16
VisualStudioVersion = 16.0.31205.134
MinimumVisualStudioVersion = 10.0.40219.1
Project("{FAE04EC0-301F-11D3-BF4B-00C04F79EFBC}") = "1912901026–AraSinav", "1912901026–AraSinav.csproj", "{899EB8DE-AB9E-47A2-98C1-37851C26EF8E}"
EndProject
Global
	GlobalSection(SolutionConfigurationPlatforms) = preSolution
		Debug|Any CPU = Debug|Any CPU
		Release|Any CPU = Release|Any CPU
	EndGlobalSection
	GlobalSection(ProjectConfigurationPlatforms) = postSolution
		{899EB8DE-AB9E-47A2-98C1-37851C26EF8E}.Debug|Any CPU.ActiveCfg = Debug|Any CPU
		{899EB8DE-AB9E-47A2-98C1-37851C26EF8E}.Debug|Any CPU.Build.0 = Debug|Any CPU
		{899EB8DE-AB9E-47A2-98C1-37851C26EF8E}.Release|Any CPU.ActiveCfg = Release|Any CPU
		{899EB8DE-AB9E-47A2-98C1-37851C26EF8E}.Release|Any CPU.Build.0 = Release|Any CPU
	EndGlobalSection
	GlobalSection(SolutionProperties) = preSolution
		HideSolutionNode = FALSE
	EndGlobalSection
	GlobalSection(ExtensibilityGlobals) = postSolution
		SolutionGuid = {7922B839-6AC3-491C-A923-F43C29E6B1BC}
	EndGlobalSection
EndGlobal
